
Microsoft Visual Studio Solution File, Format Version 12.00
# Visual Studio 15
VisualStudioVersion = 15.0.28307.421
MinimumVisualStudioVersion = 10.0.40219.1
Project("{FAE04EC0-301F-11D3-BF4B-00C04F79EFBC}") = "COMP123-S2019-Lab10[301027317]", "COMP123-S2019-Lab10[301027317]\COMP123-S2019-Lab10[301027317].csproj", "{5741C84B-8C93-486E-BDE4-E4254B613770}"
EndProject
Global
	GlobalSection(SolutionConfigurationPlatforms) = preSolution
		Debug|Any CPU = Debug|Any CPU
		Release|Any CPU = Release|Any CPU
	EndGlobalSection
	GlobalSection(ProjectConfigurationPlatforms) = postSolution
		{5741C84B-8C93-486E-BDE4-E4254B613770}.Debug|Any CPU.ActiveCfg = Debug|Any CPU
		{5741C84B-8C93-486E-BDE4-E4254B613770}.Debug|Any CPU.Build.0 = Debug|Any CPU
		{5741C84B-8C93-486E-BDE4-E4254B613770}.Release|Any CPU.ActiveCfg = Release|Any CPU
		{5741C84B-8C93-486E-BDE4-E4254B613770}.Release|Any CPU.Build.0 = Release|Any CPU
	EndGlobalSection
	GlobalSection(SolutionProperties) = preSolution
		HideSolutionNode = FALSE
	EndGlobalSection
	GlobalSection(ExtensibilityGlobals) = postSolution
		SolutionGuid = {F66AEFCF-E168-409E-A43F-D356C26F19E5}
	EndGlobalSection
EndGlobal
